{
    "_readme": [
        "This file locks the dependencies of your project to a known state",
        "Read more about it at http://getcomposer.org/doc/01-basic-usage.md#composer-lock-the-lock-file",
        "This file is @generated automatically"
    ],
    "hash": "de3c4bc48d5f859daeba20b37ec65d2b",
    "packages": [
        {
            "name": "firebase/php-jwt",
            "version": "1.0.0",
            "target-dir": "Firebase/PHP-JWT",
            "source": {
                "type": "git",
                "url": "https://github.com/firebase/php-jwt.git",
                "reference": "58c1e61d0dff797f2989c54415229f4016d57a6d"
            },
            "dist": {
                "type": "zip",
                "url": "https://api.github.com/repos/firebase/php-jwt/zipball/58c1e61d0dff797f2989c54415229f4016d57a6d",
                "reference": "58c1e61d0dff797f2989c54415229f4016d57a6d",
                "shasum": ""
            },
            "require": {
                "php": ">=5.2.0"
            },
            "type": "library",
            "autoload": {
                "classmap": [
                    "Authentication/"
                ]
            },
            "notification-url": "https://packagist.org/downloads/",
            "license": [
                "BSD-3-Clause"
            ],
            "authors": [
                {
                    "name": "Neuman Vong",
                    "email": "neuman+pear@twilio.com",
                    "role": "Developer"
                },
                {
                    "name": "Anant Narayanan",
                    "email": "anant@php.net",
                    "role": "Developer"
                }
            ],
            "description": "A simple library to encode and decode JSON Web Tokens (JWT) in PHP. Should conform to the current spec.",
            "homepage": "https://github.com/firebase/php-jwt",
            "time": "2014-08-28 17:14:17"
        },
        {
            "name": "palanik/corsslim",
            "version": "v0.0.1",
            "source": {
                "type": "git",
                "url": "https://github.com/palanik/CorsSlim.git",
                "reference": "1bb83825acf8b4cc808ae910fb160520286bc855"
            },
            "dist": {
                "type": "zip",
                "url": "https://api.github.com/repos/palanik/CorsSlim/zipball/1bb83825acf8b4cc808ae910fb160520286bc855",
                "reference": "1bb83825acf8b4cc808ae910fb160520286bc855",
                "shasum": ""
            },
            "require": {
                "slim/slim": "2.4.0"
            },
            "type": "library",
            "notification-url": "https://packagist.org/downloads/",
            "license": [
                "MIT"
            ],
            "authors": [
                {
                    "name": "palanik"
                }
            ],
            "description": "Cross-origin resource sharing (CORS) middleware for PHP Slim.",
            "homepage": "https://github.com/palanik/CorsSlim",
            "keywords": [
                "cors",
                "corsslim",
                "cross-origin",
                "slim",
                "slimphp"
            ],
            "time": "2014-10-26 18:54:07"
        },
        {
            "name": "rmccue/requests",
            "version": "v1.6.1",
            "source": {
                "type": "git",
                "url": "https://github.com/rmccue/Requests.git",
                "reference": "6aac485666c2955077d77b796bbdd25f0013a4ea"
            },
            "dist": {
                "type": "zip",
                "url": "https://api.github.com/repos/rmccue/Requests/zipball/6aac485666c2955077d77b796bbdd25f0013a4ea",
                "reference": "6aac485666c2955077d77b796bbdd25f0013a4ea",
                "shasum": ""
            },
            "require": {
                "php": ">=5.2"
            },
            "require-dev": {
                "satooshi/php-coveralls": "dev-master"
            },
            "type": "library",
            "autoload": {
                "psr-0": {
                    "Requests": "library/"
                }
            },
            "notification-url": "https://packagist.org/downloads/",
            "license": [
                "ISC"
            ],
            "authors": [
                {
                    "name": "Ryan McCue",
                    "homepage": "http://ryanmccue.info"
                }
            ],
            "description": "A HTTP library written in PHP, for human beings.",
            "homepage": "http://github.com/rmccue/Requests",
            "keywords": [
                "curl",
                "fsockopen",
                "http",
                "idna",
                "ipv6",
                "iri",
                "sockets"
            ],
            "time": "2014-05-18 04:59:02"
        },
        {
            "name": "slim/slim",
            "version": "2.4.0",
            "source": {
                "type": "git",
                "url": "https://github.com/codeguy/Slim.git",
                "reference": "ff7d7148848fa4f45712984d7b91ac3cbced586b"
            },
            "dist": {
                "type": "zip",
                "url": "https://api.github.com/repos/codeguy/Slim/zipball/ff7d7148848fa4f45712984d7b91ac3cbced586b",
                "reference": "ff7d7148848fa4f45712984d7b91ac3cbced586b",
                "shasum": ""
            },
            "require": {
                "php": ">=5.3.0"
            },
            "suggest": {
                "ext-mcrypt": "Required for HTTP cookie encryption"
            },
            "type": "library",
            "autoload": {
                "psr-0": {
                    "Slim": "."
                }
            },
            "notification-url": "https://packagist.org/downloads/",
            "license": [
                "MIT"
            ],
            "authors": [
                {
                    "name": "Josh Lockhart",
                    "email": "info@joshlockhart.com",
                    "homepage": "http://www.joshlockhart.com/"
                }
            ],
            "description": "Slim Framework, a PHP micro framework",
            "homepage": "http://github.com/codeguy/Slim",
            "keywords": [
                "microframework",
                "rest",
                "router"
            ],
            "time": "2013-11-29 20:33:36"
        }
    ],
    "packages-dev": [],
    "aliases": [],
    "minimum-stability": "stable",
    "stability-flags": [],
    "prefer-stable": false,
    "platform": [],
    "platform-dev": []
}
